// !$*UTF8*$!
{
	archiveVersion = 1;
	classes = {
	};
	objectVersion = 46;
	objects = {

/* Begin PBXBuildFile section */
		23906B991E2FB02600D7588F /* AppDelegate.swift in Sources */ = {isa = PBXBuildFile; fileRef = 23906B981E2FB02600D7588F /* AppDelegate.swift */; };
		23906B9B1E2FB02600D7588F /* ViewController.swift in Sources */ = {isa = PBXBuildFile; fileRef = 23906B9A1E2FB02600D7588F /* ViewController.swift */; };
		23906B9E1E2FB02600D7588F /* Main.storyboard in Resources */ = {isa = PBXBuildFile; fileRef = 23906B9C1E2FB02600D7588F /* Main.storyboard */; };
		23906BA01E2FB02600D7588F /* Assets.xcassets in Resources */ = {isa = PBXBuildFile; fileRef = 23906B9F1E2FB02600D7588F /* Assets.xcassets */; };
		23906BA31E2FB02600D7588F /* LaunchScreen.storyboard in Resources */ = {isa = PBXBuildFile; fileRef = 23906BA11E2FB02600D7588F /* LaunchScreen.storyboard */; };
		23906BAE1E2FB02600D7588F /* getNewAppTests.swift in Sources */ = {isa = PBXBuildFile; fileRef = 23906BAD1E2FB02600D7588F /* getNewAppTests.swift */; };
		23906BB91E2FB02600D7588F /* getNewAppUITests.swift in Sources */ = {isa = PBXBuildFile; fileRef = 23906BB81E2FB02600D7588F /* getNewAppUITests.swift */; };
/* End PBXBuildFile section */

/* Begin PBXContainerItemProxy section */
		23906BAA1E2FB02600D7588F /* PBXContainerItemProxy */ = {
			isa = PBXContainerItemProxy;
			containerPortal = 23906B8D1E2FB02600D7588F /* Project object */;
			proxyType = 1;
			remoteGlobalIDString = 23906B941E2FB02600D7588F;
			remoteInfo = getNewApp;
		};
		23906BB51E2FB02600D7588F /* PBXContainerItemProxy */ = {
			isa = PBXContainerItemProxy;
			containerPortal = 23906B8D1E2FB02600D7588F /* Project object */;
			proxyType = 1;
			remoteGlobalIDString = 23906B941E2FB02600D7588F;
			remoteInfo = getNewApp;
		};
/* End PBXContainerItemProxy section */

/* Begin PBXFileReference section */
		23906B951E2FB02600D7588F /* getNewApp.app */ = {isa = PBXFileReference; explicitFileType = wrapper.application; includeInIndex = 0; path = getNewApp.app; sourceTree = BUILT_PRODUCTS_DIR; };
		23906B981E2FB02600D7588F /* AppDelegate.swift */ = {isa = PBXFileReference; lastKnownFileType = sourcecode.swift; path = AppDelegate.swift; sourceTree = "<group>"; };
		23906B9A1E2FB02600D7588F /* ViewController.swift */ = {isa = PBXFileReference; lastKnownFileType = sourcecode.swift; path = ViewController.swift; sourceTree = "<group>"; };
		23906B9D1E2FB02600D7588F /* Base */ = {isa = PBXFileReference; lastKnownFileType = file.storyboard; name = Base; path = Base.lproj/Main.storyboard; sourceTree = "<group>"; };
		23906B9F1E2FB02600D7588F /* Assets.xcassets */ = {isa = PBXFileReference; lastKnownFileType = folder.assetcatalog; path = Assets.xcassets; sourceTree = "<group>"; };
		23906BA21E2FB02600D7588F /* Base */ = {isa = PBXFileReference; lastKnownFileType = file.storyboard; name = Base; path = Base.lproj/LaunchScreen.storyboard; sourceTree = "<group>"; };
		23906BA41E2FB02600D7588F /* Info.plist */ = {isa = PBXFileReference; lastKnownFileType = text.plist.xml; path = Info.plist; sourceTree = "<group>"; };
		23906BA91E2FB02600D7588F /* getNewAppTests.xctest */ = {isa = PBXFileReference; explicitFileType = wrapper.cfbundle; includeInIndex = 0; path = getNewAppTests.xctest; sourceTree = BUILT_PRODUCTS_DIR; };
		23906BAD1E2FB02600D7588F /* getNewAppTests.swift */ = {isa = PBXFileReference; lastKnownFileType = sourcecode.swift; path = getNewAppTests.swift; sourceTree = "<group>"; };
		23906BAF1E2FB02600D7588F /* Info.plist */ = {isa = PBXFileReference; lastKnownFileType = text.plist.xml; path = Info.plist; sourceTree = "<group>"; };
		23906BB41E2FB02600D7588F /* getNewAppUITests.xctest */ = {isa = PBXFileReference; explicitFileType = wrapper.cfbundle; includeInIndex = 0; path = getNewAppUITests.xctest; sourceTree = BUILT_PRODUCTS_DIR; };
		23906BB81E2FB02600D7588F /* getNewAppUITests.swift */ = {isa = PBXFileReference; lastKnownFileType = sourcecode.swift; path = getNewAppUITests.swift; sourceTree = "<group>"; };
		23906BBA1E2FB02600D7588F /* Info.plist */ = {isa = PBXFileReference; lastKnownFileType = text.plist.xml; path = Info.plist; sourceTree = "<group>"; };
/* End PBXFileReference section */

/* Begin PBXFrameworksBuildPhase section */
		23906B921E2FB02600D7588F /* Frameworks */ = {
			isa = PBXFrameworksBuildPhase;
			buildActionMask = 2147483647;
			files = (
			);
			runOnlyForDeploymentPostprocessing = 0;
		};
		23906BA61E2FB02600D7588F /* Frameworks */ = {
			isa = PBXFrameworksBuildPhase;
			buildActionMask = 2147483647;
			files = (
			);
			runOnlyForDeploymentPostprocessing = 0;
		};
		23906BB11E2FB02600D7588F /* Frameworks */ = {
			isa = PBXFrameworksBuildPhase;
			buildActionMask = 2147483647;
			files = (
			);
			runOnlyForDeploymentPostprocessing = 0;
		};
/* End PBXFrameworksBuildPhase section */

/* Begin PBXGroup section */
		23906B8C1E2FB02600D7588F = {
			isa = PBXGroup;
			children = (
				23906B971E2FB02600D7588F /* getNewApp */,
				23906BAC1E2FB02600D7588F /* getNewAppTests */,
				23906BB71E2FB02600D7588F /* getNewAppUITests */,
				23906B961E2FB02600D7588F /* Products */,
			);
			sourceTree = "<group>";
		};
		23906B961E2FB02600D7588F /* Products */ = {
			isa = PBXGroup;
			children = (
				23906B951E2FB02600D7588F /* getNewApp.app */,
				23906BA91E2FB02600D7588F /* getNewAppTests.xctest */,
				23906BB41E2FB02600D7588F /* getNewAppUITests.xctest */,
			);
			name = Products;
			sourceTree = "<group>";
		};
		23906B971E2FB02600D7588F /* getNewApp */ = {
			isa = PBXGroup;
			children = (
				23906B981E2FB02600D7588F /* AppDelegate.swift */,
				23906B9A1E2FB02600D7588F /* ViewController.swift */,
				23906B9C1E2FB02600D7588F /* Main.storyboard */,
				23906B9F1E2FB02600D7588F /* Assets.xcassets */,
				23906BA11E2FB02600D7588F /* LaunchScreen.storyboard */,
				23906BA41E2FB02600D7588F /* Info.plist */,
			);
			path = getNewApp;
			sourceTree = "<group>";
		};
		23906BAC1E2FB02600D7588F /* getNewAppTests */ = {
			isa = PBXGroup;
			children = (
				23906BAD1E2FB02600D7588F /* getNewAppTests.swift */,
				23906BAF1E2FB02600D7588F /* Info.plist */,
			);
			path = getNewAppTests;
			sourceTree = "<group>";
		};
		23906BB71E2FB02600D7588F /* getNewAppUITests */ = {
			isa = PBXGroup;
			children = (
				23906BB81E2FB02600D7588F /* getNewAppUITests.swift */,
				23906BBA1E2FB02600D7588F /* Info.plist */,
			);
			path = getNewAppUITests;
			sourceTree = "<group>";
		};
/* End PBXGroup section */

/* Begin PBXNativeTarget section */
		23906B941E2FB02600D7588F /* getNewApp */ = {
			isa = PBXNativeTarget;
			buildConfigurationList = 23906BBD1E2FB02600D7588F /* Build configuration list for PBXNativeTarget "getNewApp" */;
			buildPhases = (
				23906B911E2FB02600D7588F /* Sources */,
				23906B921E2FB02600D7588F /* Frameworks */,
				23906B931E2FB02600D7588F /* Resources */,
			);
			buildRules = (
			);
			dependencies = (
			);
			name = getNewApp;
			productName = getNewApp;
			productReference = 23906B951E2FB02600D7588F /* getNewApp.app */;
			productType = "com.apple.product-type.application";
		};
		23906BA81E2FB02600D7588F /* getNewAppTests */ = {
			isa = PBXNativeTarget;
			buildConfigurationList = 23906BC01E2FB02600D7588F /* Build configuration list for PBXNativeTarget "getNewAppTests" */;
			buildPhases = (
				23906BA51E2FB02600D7588F /* Sources */,
				23906BA61E2FB02600D7588F /* Frameworks */,
				23906BA71E2FB02600D7588F /* Resources */,
			);
			buildRules = (
			);
			dependencies = (
				23906BAB1E2FB02600D7588F /* PBXTargetDependency */,
			);
			name = getNewAppTests;
			productName = getNewAppTests;
			productReference = 23906BA91E2FB02600D7588F /* getNewAppTests.xctest */;
			productType = "com.apple.product-type.bundle.unit-test";
		};
		23906BB31E2FB02600D7588F /* getNewAppUITests */ = {
			isa = PBXNativeTarget;
			buildConfigurationList = 23906BC31E2FB02600D7588F /* Build configuration list for PBXNativeTarget "getNewAppUITests" */;
			buildPhases = (
				23906BB01E2FB02600D7588F /* Sources */,
				23906BB11E2FB02600D7588F /* Frameworks */,
				23906BB21E2FB02600D7588F /* Resources */,
			);
			buildRules = (
			);
			dependencies = (
				23906BB61E2FB02600D7588F /* PBXTargetDependency */,
			);
			name = getNewAppUITests;
			productName = getNewAppUITests;
			productReference = 23906BB41E2FB02600D7588F /* getNewAppUITests.xctest */;
			productType = "com.apple.product-type.bundle.ui-testing";
		};
/* End PBXNativeTarget section */

/* Begin PBXProject section */
		23906B8D1E2FB02600D7588F /* Project object */ = {
			isa = PBXProject;
			attributes = {
				LastSwiftUpdateCheck = 0820;
				LastUpgradeCheck = 0820;
				ORGANIZATIONNAME = "CAMARA Pascal";
				TargetAttributes = {
					23906B941E2FB02600D7588F = {
						CreatedOnToolsVersion = 8.2.1;
						ProvisioningStyle = Automatic;
					};
					23906BA81E2FB02600D7588F = {
						CreatedOnToolsVersion = 8.2.1;
						ProvisioningStyle = Automatic;
						TestTargetID = 23906B941E2FB02600D7588F;
					};
					23906BB31E2FB02600D7588F = {
						CreatedOnToolsVersion = 8.2.1;
						ProvisioningStyle = Automatic;
						TestTargetID = 23906B941E2FB02600D7588F;
					};
				};
			};
			buildConfigurationList = 23906B901E2FB02600D7588F /* Build configuration list for PBXProject "getNewApp" */;
			compatibilityVersion = "Xcode 3.2";
			developmentRegion = English;
			hasScannedForEncodings = 0;
			knownRegions = (
				en,
				Base,
			);
			mainGroup = 23906B8C1E2FB02600D7588F;
			productRefGroup = 23906B961E2FB02600D7588F /* Products */;
			projectDirPath = "";
			projectRoot = "";
			targets = (
				23906B941E2FB02600D7588F /* getNewApp */,
				23906BA81E2FB02600D7588F /* getNewAppTests */,
				23906BB31E2FB02600D7588F /* getNewAppUITests */,
			);
		};
/* End PBXProject section */

/* Begin PBXResourcesBuildPhase section */
		23906B931E2FB02600D7588F /* Resources */ = {
			isa = PBXResourcesBuildPhase;
			buildActionMask = 2147483647;
			files = (
				23906BA31E2FB02600D7588F /* LaunchScreen.storyboard in Resources */,
				23906BA01E2FB02600D7588F /* Assets.xcassets in Resources */,
				23906B9E1E2FB02600D7588F /* Main.storyboard in Resources */,
			);
			runOnlyForDeploymentPostprocessing = 0;
		};
		23906BA71E2FB02600D7588F /* Resources */ = {
			isa = PBXResourcesBuildPhase;
			buildActionMask = 2147483647;
			files = (
			);
			runOnlyForDeploymentPostprocessing = 0;
		};
		23906BB21E2FB02600D7588F /* Resources */ = {
			isa = PBXResourcesBuildPhase;
			buildActionMask = 2147483647;
			files = (
			);
			runOnlyForDeploymentPostprocessing = 0;
		};
/* End PBXResourcesBuildPhase section */

/* Begin PBXSourcesBuildPhase section */
		23906B911E2FB02600D7588F /* Sources */ = {
			isa = PBXSourcesBuildPhase;
			buildActionMask = 2147483647;
			files = (
				23906B9B1E2FB02600D7588F /* ViewController.swift in Sources */,
				23906B991E2FB02600D7588F /* AppDelegate.swift in Sources */,
			);
			runOnlyForDeploymentPostprocessing = 0;
		};
		23906BA51E2FB02600D7588F /* Sources */ = {
			isa = PBXSourcesBuildPhase;
			buildActionMask = 2147483647;
			files = (
				23906BAE1E2FB02600D7588F /* getNewAppTests.swift in Sources */,
			);
			runOnlyForDeploymentPostprocessing = 0;
		};
		23906BB01E2FB02600D7588F /* Sources */ = {
			isa = PBXSourcesBuildPhase;
			buildActionMask = 2147483647;
			files = (
				23906BB91E2FB02600D7588F /* getNewAppUITests.swift in Sources */,
			);
			runOnlyForDeploymentPostprocessing = 0;
		};
/* End PBXSourcesBuildPhase section */

/* Begin PBXTargetDependency section */
		23906BAB1E2FB02600D7588F /* PBXTargetDependency */ = {
			isa = PBXTargetDependency;
			target = 23906B941E2FB02600D7588F /* getNewApp */;
			targetProxy = 23906BAA1E2FB02600D7588F /* PBXContainerItemProxy */;
		};
		23906BB61E2FB02600D7588F /* PBXTargetDependency */ = {
			isa = PBXTargetDependency;
			target = 23906B941E2FB02600D7588F /* getNewApp */;
			targetProxy = 23906BB51E2FB02600D7588F /* PBXContainerItemProxy */;
		};
/* End PBXTargetDependency section */

/* Begin PBXVariantGroup section */
		23906B9C1E2FB02600D7588F /* Main.storyboard */ = {
			isa = PBXVariantGroup;
			children = (
				23906B9D1E2FB02600D7588F /* Base */,
			);
			name = Main.storyboard;
			sourceTree = "<group>";
		};
		23906BA11E2FB02600D7588F /* LaunchScreen.storyboard */ = {
			isa = PBXVariantGroup;
			children = (
				23906BA21E2FB02600D7588F /* Base */,
			);
			name = LaunchScreen.storyboard;
			sourceTree = "<group>";
		};
/* End PBXVariantGroup section */

/* Begin XCBuildConfiguration section */
		23906BBB1E2FB02600D7588F /* Debug */ = {
			isa = XCBuildConfiguration;
			buildSettings = {
				ALWAYS_SEARCH_USER_PATHS = NO;
				CLANG_ANALYZER_NONNULL = YES;
				CLANG_CXX_LANGUAGE_STANDARD = "gnu++0x";
				CLANG_CXX_LIBRARY = "libc++";
				CLANG_ENABLE_MODULES = YES;
				CLANG_ENABLE_OBJC_ARC = YES;
				CLANG_WARN_BOOL_CONVERSION = YES;
				CLANG_WARN_CONSTANT_CONVERSION = YES;
				CLANG_WARN_DIRECT_OBJC_ISA_USAGE = YES_ERROR;
				CLANG_WARN_DOCUMENTATION_COMMENTS = YES;
				CLANG_WARN_EMPTY_BODY = YES;
				CLANG_WARN_ENUM_CONVERSION = YES;
				CLANG_WARN_INFINITE_RECURSION = YES;
				CLANG_WARN_INT_CONVERSION = YES;
				CLANG_WARN_OBJC_ROOT_CLASS = YES_ERROR;
				CLANG_WARN_SUSPICIOUS_MOVE = YES;
				CLANG_WARN_UNREACHABLE_CODE = YES;
				CLANG_WARN__DUPLICATE_METHOD_MATCH = YES;
				"CODE_SIGN_IDENTITY[sdk=iphoneos*]" = "iPhone Developer";
				COPY_PHASE_STRIP = NO;
				DEBUG_INFORMATION_FORMAT = dwarf;
				ENABLE_STRICT_OBJC_MSGSEND = YES;
				ENABLE_TESTABILITY = YES;
				GCC_C_LANGUAGE_STANDARD = gnu99;
				GCC_DYNAMIC_NO_PIC = NO;
				GCC_NO_COMMON_BLOCKS = YES;
				GCC_OPTIMIZATION_LEVEL = 0;
				GCC_PREPROCESSOR_DEFINITIONS = (
					"DEBUG=1",
					"$(inherited)",
				);
				GCC_WARN_64_TO_32_BIT_CONVERSION = YES;
				GCC_WARN_ABOUT_RETURN_TYPE = YES_ERROR;
				GCC_WARN_UNDECLARED_SELECTOR = YES;
				GCC_WARN_UNINITIALIZED_AUTOS = YES_AGGRESSIVE;
				GCC_WARN_UNUSED_FUNCTION = YES;
				GCC_WARN_UNUSED_VARIABLE = YES;
				IPHONEOS_DEPLOYMENT_TARGET = 10.2;
				MTL_ENABLE_DEBUG_INFO = YES;
				ONLY_ACTIVE_ARCH = YES;
				SDKROOT = iphoneos;
				SWIFT_ACTIVE_COMPILATION_CONDITIONS = DEBUG;
				SWIFT_OPTIMIZATION_LEVEL = "-Onone";
				TARGETED_DEVICE_FAMILY = "1,2";
			};
			name = Debug;
		};
		23906BBC1E2FB02600D7588F /* Release */ = {
			isa = XCBuildConfiguration;
			buildSettings = {
				ALWAYS_SEARCH_USER_PATHS = NO;
				CLANG_ANALYZER_NONNULL = YES;
				CLANG_CXX_LANGUAGE_STANDARD = "gnu++0x";
				CLANG_CXX_LIBRARY = "libc++";
				CLANG_ENABLE_MODULES = YES;
				CLANG_ENABLE_OBJC_ARC = YES;
				CLANG_WARN_BOOL_CONVERSION = YES;
				CLANG_WARN_CONSTANT_CONVERSION = YES;
				CLANG_WARN_DIRECT_OBJC_ISA_USAGE = YES_ERROR;
				CLANG_WARN_DOCUMENTATION_COMMENTS = YES;
				CLANG_WARN_EMPTY_BODY = YES;
				CLANG_WARN_ENUM_CONVERSION = YES;
				CLANG_WARN_INFINITE_RECURSION = YES;
				CLANG_WARN_INT_CONVERSION = YES;
				CLANG_WARN_OBJC_ROOT_CLASS = YES_ERROR;
				CLANG_WARN_SUSPICIOUS_MOVE = YES;
				CLANG_WARN_UNREACHABLE_CODE = YES;
				CLANG_WARN__DUPLICATE_METHOD_MATCH = YES;
				"CODE_SIGN_IDENTITY[sdk=iphoneos*]" = "iPhone Developer";
				COPY_PHASE_STRIP = NO;
				DEBUG_INFORMATION_FORMAT = "dwarf-with-dsym";
				ENABLE_NS_ASSERTIONS = NO;
				ENABLE_STRICT_OBJC_MSGSEND = YES;
				GCC_C_LANGUAGE_STANDARD = gnu99;
				GCC_NO_COMMON_BLOCKS = YES;
				GCC_WARN_64_TO_32_BIT_CONVERSION = YES;
				GCC_WARN_ABOUT_RETURN_TYPE = YES_ERROR;
				GCC_WARN_UNDECLARED_SELECTOR = YES;
				GCC_WARN_UNINITIALIZED_AUTOS = YES_AGGRESSIVE;
				GCC_WARN_UNUSED_FUNCTION = YES;
				GCC_WARN_UNUSED_VARIABLE = YES;
				IPHONEOS_DEPLOYMENT_TARGET = 10.2;
				MTL_ENABLE_DEBUG_INFO = NO;
				SDKROOT = iphoneos;
				SWIFT_OPTIMIZATION_LEVEL = "-Owholemodule";
				TARGETED_DEVICE_FAMILY = "1,2";
				VALIDATE_PRODUCT = YES;
			};
			name = Release;
		};
		23906BBE1E2FB02600D7588F /* Debug */ = {
			isa = XCBuildConfiguration;
			buildSettings = {
				ASSETCATALOG_COMPILER_APPICON_NAME = AppIcon;
				INFOPLIST_FILE = getNewApp/Info.plist;
				LD_RUNPATH_SEARCH_PATHS = "$(inherited) @executable_path/Frameworks";
				PRODUCT_BUNDLE_IDENTIFIER = cam.getNewApp;
				PRODUCT_NAME = "$(TARGET_NAME)";
				SWIFT_VERSION = 3.0;
			};
			name = Debug;
		};
		23906BBF1E2FB02600D7588F /* Release */ = {
			isa = XCBuildConfiguration;
			buildSettings = {
				ASSETCATALOG_COMPILER_APPICON_NAME = AppIcon;
				INFOPLIST_FILE = getNewApp/Info.plist;
				LD_RUNPATH_SEARCH_PATHS = "$(inherited) @executable_path/Frameworks";
				PRODUCT_BUNDLE_IDENTIFIER = cam.getNewApp;
				PRODUCT_NAME = "$(TARGET_NAME)";
				SWIFT_VERSION = 3.0;
			};
			name = Release;
		};
		23906BC11E2FB02600D7588F /* Debug */ = {
			isa = XCBuildConfiguration;
			buildSettings = {
				ALWAYS_EMBED_SWIFT_STANDARD_LIBRARIES = YES;
				BUNDLE_LOADER = "$(TEST_HOST)";
				INFOPLIST_FILE = getNewAppTests/Info.plist;
				LD_RUNPATH_SEARCH_PATHS = "$(inherited) @executable_path/Frameworks @loader_path/Frameworks";
				PRODUCT_BUNDLE_IDENTIFIER = cam.getNewAppTests;
				PRODUCT_NAME = "$(TARGET_NAME)";
				SWIFT_VERSION = 3.0;
				TEST_HOST = "$(BUILT_PRODUCTS_DIR)/getNewApp.app/getNewApp";
			};
			name = Debug;
		};
		23906BC21E2FB02600D7588F /* Release */ = {
			isa = XCBuildConfiguration;
			buildSettings = {
				ALWAYS_EMBED_SWIFT_STANDARD_LIBRARIES = YES;
				BUNDLE_LOADER = "$(TEST_HOST)";
				INFOPLIST_FILE = getNewAppTests/Info.plist;
				LD_RUNPATH_SEARCH_PATHS = "$(inherited) @executable_path/Frameworks @loader_path/Frameworks";
				PRODUCT_BUNDLE_IDENTIFIER = cam.getNewAppTests;
				PRODUCT_NAME = "$(TARGET_NAME)";
				SWIFT_VERSION = 3.0;
				TEST_HOST = "$(BUILT_PRODUCTS_DIR)/getNewApp.app/getNewApp";
			};
			name = Release;
		};
		23906BC41E2FB02600D7588F /* Debug */ = {
			isa = XCBuildConfiguration;
			buildSettings = {
				ALWAYS_EMBED_SWIFT_STANDARD_LIBRARIES = YES;
				INFOPLIST_FILE = getNewAppUITests/Info.plist;
				LD_RUNPATH_SEARCH_PATHS = "$(inherited) @executable_path/Frameworks @loader_path/Frameworks";
				PRODUCT_BUNDLE_IDENTIFIER = cam.getNewAppUITests;
				PRODUCT_NAME = "$(TARGET_NAME)";
				SWIFT_VERSION = 3.0;
				TEST_TARGET_NAME = getNewApp;
			};
			name = Debug;
		};
		23906BC51E2FB02600D7588F /* Release */ = {
			isa = XCBuildConfiguration;
			buildSettings = {
				ALWAYS_EMBED_SWIFT_STANDARD_LIBRARIES = YES;
				INFOPLIST_FILE = getNewAppUITests/Info.plist;
				LD_RUNPATH_SEARCH_PATHS = "$(inherited) @executable_path/Frameworks @loader_path/Frameworks";
				PRODUCT_BUNDLE_IDENTIFIER = cam.getNewAppUITests;
				PRODUCT_NAME = "$(TARGET_NAME)";
				SWIFT_VERSION = 3.0;
				TEST_TARGET_NAME = getNewApp;
			};
			name = Release;
		};
/* End XCBuildConfiguration section */

/* Begin XCConfigurationList section */
		23906B901E2FB02600D7588F /* Build configuration list for PBXProject "getNewApp" */ = {
			isa = XCConfigurationList;
			buildConfigurations = (
				23906BBB1E2FB02600D7588F /* Debug */,
				23906BBC1E2FB02600D7588F /* Release */,
			);
			defaultConfigurationIsVisible = 0;
			defaultConfigurationName = Release;
		};
		23906BBD1E2FB02600D7588F /* Build configuration list for PBXNativeTarget "getNewApp" */ = {
			isa = XCConfigurationList;
			buildConfigurations = (
				23906BBE1E2FB02600D7588F /* Debug */,
				23906BBF1E2FB02600D7588F /* Release */,
			);
			defaultConfigurationIsVisible = 0;
		};
		23906BC01E2FB02600D7588F /* Build configuration list for PBXNativeTarget "getNewAppTests" */ = {
			isa = XCConfigurationList;
			buildConfigurations = (
				23906BC11E2FB02600D7588F /* Debug */,
				23906BC21E2FB02600D7588F /* Release */,
			);
			defaultConfigurationIsVisible = 0;
		};
		23906BC31E2FB02600D7588F /* Build configuration list for PBXNativeTarget "getNewAppUITests" */ = {
			isa = XCConfigurationList;
			buildConfigurations = (
				23906BC41E2FB02600D7588F /* Debug */,
				23906BC51E2FB02600D7588F /* Release */,
			);
			defaultConfigurationIsVisible = 0;
		};
/* End XCConfigurationList section */
	};
	rootObject = 23906B8D1E2FB02600D7588F /* Project object */;
}
